{
  "name": "create-salesman",
  "version": "1.0.0",
  "lockfileVersion": 3,
  "requires": true,
  "packages": {
    "": {
      "name": "create-salesman",
      "version": "1.0.0",
      "license": "ISC",
      "devDependencies": {
        "@sapui5/ts-types": "^1.120.1"
      }
    },
    "node_modules/@sapui5/ts-types": {
      "version": "1.120.1",
      "resolved": "https://registry.npmjs.org/@sapui5/ts-types/-/ts-types-1.120.1.tgz",
      "integrity": "sha512-Ju9klyMjT70wXApDsT304p3oDziSTkCAOi5fS04T4XD2ILmUiZ0Igxc2xjmHFSlORqp/SXpBN5ybKqFYO+gfLQ==",
      "dev": true
    }
  }
}
